
Microsoft Visual Studio Solution File, Format Version 12.00
# Visual Studio Version 17
VisualStudioVersion = 17.2.32602.215
MinimumVisualStudioVersion = 10.0.40219.1
Project("{8BC9CEB8-8B4A-11D0-8D11-00A0C91BC942}") = "二分法-查找", "二分法-查找.vcxproj", "{EBAA12F3-AFCA-456D-A4FD-67E20BBDC5F7}"
EndProject
Global
	GlobalSection(SolutionConfigurationPlatforms) = preSolution
		Debug|x64 = Debug|x64
		Debug|x86 = Debug|x86
		Release|x64 = Release|x64
		Release|x86 = Release|x86
	EndGlobalSection
	GlobalSection(ProjectConfigurationPlatforms) = postSolution
		{EBAA12F3-AFCA-456D-A4FD-67E20BBDC5F7}.Debug|x64.ActiveCfg = Debug|x64
		{EBAA12F3-AFCA-456D-A4FD-67E20BBDC5F7}.Debug|x64.Build.0 = Debug|x64
		{EBAA12F3-AFCA-456D-A4FD-67E20BBDC5F7}.Debug|x86.ActiveCfg = Debug|Win32
		{EBAA12F3-AFCA-456D-A4FD-67E20BBDC5F7}.Debug|x86.Build.0 = Debug|Win32
		{EBAA12F3-AFCA-456D-A4FD-67E20BBDC5F7}.Release|x64.ActiveCfg = Release|x64
		{EBAA12F3-AFCA-456D-A4FD-67E20BBDC5F7}.Release|x64.Build.0 = Release|x64
		{EBAA12F3-AFCA-456D-A4FD-67E20BBDC5F7}.Release|x86.ActiveCfg = Release|Win32
		{EBAA12F3-AFCA-456D-A4FD-67E20BBDC5F7}.Release|x86.Build.0 = Release|Win32
	EndGlobalSection
	GlobalSection(SolutionProperties) = preSolution
		HideSolutionNode = FALSE
	EndGlobalSection
	GlobalSection(ExtensibilityGlobals) = postSolution
		SolutionGuid = {2CAE5415-B365-4D19-87B3-4920EA642FA5}
	EndGlobalSection
EndGlobal
